{
  "name": "Javascript coding interview questions",
  "lockfileVersion": 3,
  "requires": true,
  "packages": {
    "": {
      "dependencies": {
        "sget": "^1.0.0"
      }
    },
    "node_modules/sget": {
      "version": "1.0.0",
      "resolved": "https://registry.npmjs.org/sget/-/sget-1.0.0.tgz",
      "integrity": "sha512-EwIlvCAxq5imtOkzKQ5++dTc6LsbOqB0TVxnkRgS0vb1cG/bP8wmGyyOG2yjr5kU9Ef5R8E220smtLUfMbr8gg==",
      "deprecated": "Package no longer supported. Contact support@npmjs.com for more info."
    }
  }
}
